{
  "name": "webgl-parity",
  "lockfileVersion": 3,
  "requires": true,
  "packages": {
    "": {
      "name": "webgl-parity",
      "dependencies": {
        "webgl-node": "file:../../../webgl-node"
      }
    },
    "../../../webgl-node": {
      "version": "1.2.0",
      "license": "MIT",
      "dependencies": {
        "native-gles": "^0.5.0"
      }
    },
    "node_modules/webgl-node": {
      "resolved": "../../../webgl-node",
      "link": true
    }
  }
}
